// !$*UTF8*$!
{
	archiveVersion = 1;
	classes = {
	};
	objectVersion = 50;
	objects = {

/* Begin PBXBuildFile section */
		2B55B28B26A84AA000D99894 /* AppDelegate.swift in Sources */ = {isa = PBXBuildFile; fileRef = 2B55B28A26A84AA000D99894 /* AppDelegate.swift */; };
		2B55B28D26A84AA000D99894 /* SceneDelegate.swift in Sources */ = {isa = PBXBuildFile; fileRef = 2B55B28C26A84AA000D99894 /* SceneDelegate.swift */; };
		2B55B28F26A84AA000D99894 /* ViewController.swift in Sources */ = {isa = PBXBuildFile; fileRef = 2B55B28E26A84AA000D99894 /* ViewController.swift */; };
		2B55B29226A84AA000D99894 /* Main.storyboard in Resources */ = {isa = PBXBuildFile; fileRef = 2B55B29026A84AA000D99894 /* Main.storyboard */; };
		2B55B29426A84AA000D99894 /* Assets.xcassets in Resources */ = {isa = PBXBuildFile; fileRef = 2B55B29326A84AA000D99894 /* Assets.xcassets */; };
		2B55B29726A84AA000D99894 /* LaunchScreen.storyboard in Resources */ = {isa = PBXBuildFile; fileRef = 2B55B29526A84AA000D99894 /* LaunchScreen.storyboard */; };
		2B55B2A226A84AA100D99894 /* weatherTests.swift in Sources */ = {isa = PBXBuildFile; fileRef = 2B55B2A126A84AA100D99894 /* weatherTests.swift */; };
		2B55B2AD26A84AA100D99894 /* weatherUITests.swift in Sources */ = {isa = PBXBuildFile; fileRef = 2B55B2AC26A84AA100D99894 /* weatherUITests.swift */; };
/* End PBXBuildFile section */

/* Begin PBXContainerItemProxy section */
		2B55B29E26A84AA100D99894 /* PBXContainerItemProxy */ = {
			isa = PBXContainerItemProxy;
			containerPortal = 2B55B27F26A84A9F00D99894 /* Project object */;
			proxyType = 1;
			remoteGlobalIDString = 2B55B28626A84A9F00D99894;
			remoteInfo = weather;
		};
		2B55B2A926A84AA100D99894 /* PBXContainerItemProxy */ = {
			isa = PBXContainerItemProxy;
			containerPortal = 2B55B27F26A84A9F00D99894 /* Project object */;
			proxyType = 1;
			remoteGlobalIDString = 2B55B28626A84A9F00D99894;
			remoteInfo = weather;
		};
/* End PBXContainerItemProxy section */

/* Begin PBXFileReference section */
		2B55B28726A84A9F00D99894 /* weather.app */ = {isa = PBXFileReference; explicitFileType = wrapper.application; includeInIndex = 0; path = weather.app; sourceTree = BUILT_PRODUCTS_DIR; };
		2B55B28A26A84AA000D99894 /* AppDelegate.swift */ = {isa = PBXFileReference; lastKnownFileType = sourcecode.swift; path = AppDelegate.swift; sourceTree = "<group>"; };
		2B55B28C26A84AA000D99894 /* SceneDelegate.swift */ = {isa = PBXFileReference; lastKnownFileType = sourcecode.swift; path = SceneDelegate.swift; sourceTree = "<group>"; };
		2B55B28E26A84AA000D99894 /* ViewController.swift */ = {isa = PBXFileReference; lastKnownFileType = sourcecode.swift; path = ViewController.swift; sourceTree = "<group>"; };
		2B55B29126A84AA000D99894 /* Base */ = {isa = PBXFileReference; lastKnownFileType = file.storyboard; name = Base; path = Base.lproj/Main.storyboard; sourceTree = "<group>"; };
		2B55B29326A84AA000D99894 /* Assets.xcassets */ = {isa = PBXFileReference; lastKnownFileType = folder.assetcatalog; path = Assets.xcassets; sourceTree = "<group>"; };
		2B55B29626A84AA000D99894 /* Base */ = {isa = PBXFileReference; lastKnownFileType = file.storyboard; name = Base; path = Base.lproj/LaunchScreen.storyboard; sourceTree = "<group>"; };
		2B55B29826A84AA000D99894 /* Info.plist */ = {isa = PBXFileReference; lastKnownFileType = text.plist.xml; path = Info.plist; sourceTree = "<group>"; };
		2B55B29D26A84AA100D99894 /* weatherTests.xctest */ = {isa = PBXFileReference; explicitFileType = wrapper.cfbundle; includeInIndex = 0; path = weatherTests.xctest; sourceTree = BUILT_PRODUCTS_DIR; };
		2B55B2A126A84AA100D99894 /* weatherTests.swift */ = {isa = PBXFileReference; lastKnownFileType = sourcecode.swift; path = weatherTests.swift; sourceTree = "<group>"; };
		2B55B2A326A84AA100D99894 /* Info.plist */ = {isa = PBXFileReference; lastKnownFileType = text.plist.xml; path = Info.plist; sourceTree = "<group>"; };
		2B55B2A826A84AA100D99894 /* weatherUITests.xctest */ = {isa = PBXFileReference; explicitFileType = wrapper.cfbundle; includeInIndex = 0; path = weatherUITests.xctest; sourceTree = BUILT_PRODUCTS_DIR; };
		2B55B2AC26A84AA100D99894 /* weatherUITests.swift */ = {isa = PBXFileReference; lastKnownFileType = sourcecode.swift; path = weatherUITests.swift; sourceTree = "<group>"; };
		2B55B2AE26A84AA100D99894 /* Info.plist */ = {isa = PBXFileReference; lastKnownFileType = text.plist.xml; path = Info.plist; sourceTree = "<group>"; };
/* End PBXFileReference section */

/* Begin PBXFrameworksBuildPhase section */
		2B55B28426A84A9F00D99894 /* Frameworks */ = {
			isa = PBXFrameworksBuildPhase;
			buildActionMask = 2147483647;
			files = (
			);
			runOnlyForDeploymentPostprocessing = 0;
		};
		2B55B29A26A84AA100D99894 /* Frameworks */ = {
			isa = PBXFrameworksBuildPhase;
			buildActionMask = 2147483647;
			files = (
			);
			runOnlyForDeploymentPostprocessing = 0;
		};
		2B55B2A526A84AA100D99894 /* Frameworks */ = {
			isa = PBXFrameworksBuildPhase;
			buildActionMask = 2147483647;
			files = (
			);
			runOnlyForDeploymentPostprocessing = 0;
		};
/* End PBXFrameworksBuildPhase section */

/* Begin PBXGroup section */
		2B55B27E26A84A9F00D99894 = {
			isa = PBXGroup;
			children = (
				2B55B28926A84A9F00D99894 /* weather */,
				2B55B2A026A84AA100D99894 /* weatherTests */,
				2B55B2AB26A84AA100D99894 /* weatherUITests */,
				2B55B28826A84A9F00D99894 /* Products */,
			);
			sourceTree = "<group>";
		};
		2B55B28826A84A9F00D99894 /* Products */ = {
			isa = PBXGroup;
			children = (
				2B55B28726A84A9F00D99894 /* weather.app */,
				2B55B29D26A84AA100D99894 /* weatherTests.xctest */,
				2B55B2A826A84AA100D99894 /* weatherUITests.xctest */,
			);
			name = Products;
			sourceTree = "<group>";
		};
		2B55B28926A84A9F00D99894 /* weather */ = {
			isa = PBXGroup;
			children = (
				2B55B28A26A84AA000D99894 /* AppDelegate.swift */,
				2B55B28C26A84AA000D99894 /* SceneDelegate.swift */,
				2B55B28E26A84AA000D99894 /* ViewController.swift */,
				2B55B29026A84AA000D99894 /* Main.storyboard */,
				2B55B29326A84AA000D99894 /* Assets.xcassets */,
				2B55B29526A84AA000D99894 /* LaunchScreen.storyboard */,
				2B55B29826A84AA000D99894 /* Info.plist */,
			);
			path = weather;
			sourceTree = "<group>";
		};
		2B55B2A026A84AA100D99894 /* weatherTests */ = {
			isa = PBXGroup;
			children = (
				2B55B2A126A84AA100D99894 /* weatherTests.swift */,
				2B55B2A326A84AA100D99894 /* Info.plist */,
			);
			path = weatherTests;
			sourceTree = "<group>";
		};
		2B55B2AB26A84AA100D99894 /* weatherUITests */ = {
			isa = PBXGroup;
			children = (
				2B55B2AC26A84AA100D99894 /* weatherUITests.swift */,
				2B55B2AE26A84AA100D99894 /* Info.plist */,
			);
			path = weatherUITests;
			sourceTree = "<group>";
		};
/* End PBXGroup section */

/* Begin PBXNativeTarget section */
		2B55B28626A84A9F00D99894 /* weather */ = {
			isa = PBXNativeTarget;
			buildConfigurationList = 2B55B2B126A84AA100D99894 /* Build configuration list for PBXNativeTarget "weather" */;
			buildPhases = (
				2B55B28326A84A9F00D99894 /* Sources */,
				2B55B28426A84A9F00D99894 /* Frameworks */,
				2B55B28526A84A9F00D99894 /* Resources */,
			);
			buildRules = (
			);
			dependencies = (
			);
			name = weather;
			productName = weather;
			productReference = 2B55B28726A84A9F00D99894 /* weather.app */;
			productType = "com.apple.product-type.application";
		};
		2B55B29C26A84AA100D99894 /* weatherTests */ = {
			isa = PBXNativeTarget;
			buildConfigurationList = 2B55B2B426A84AA100D99894 /* Build configuration list for PBXNativeTarget "weatherTests" */;
			buildPhases = (
				2B55B29926A84AA100D99894 /* Sources */,
				2B55B29A26A84AA100D99894 /* Frameworks */,
				2B55B29B26A84AA100D99894 /* Resources */,
			);
			buildRules = (
			);
			dependencies = (
				2B55B29F26A84AA100D99894 /* PBXTargetDependency */,
			);
			name = weatherTests;
			productName = weatherTests;
			productReference = 2B55B29D26A84AA100D99894 /* weatherTests.xctest */;
			productType = "com.apple.product-type.bundle.unit-test";
		};
		2B55B2A726A84AA100D99894 /* weatherUITests */ = {
			isa = PBXNativeTarget;
			buildConfigurationList = 2B55B2B726A84AA100D99894 /* Build configuration list for PBXNativeTarget "weatherUITests" */;
			buildPhases = (
				2B55B2A426A84AA100D99894 /* Sources */,
				2B55B2A526A84AA100D99894 /* Frameworks */,
				2B55B2A626A84AA100D99894 /* Resources */,
			);
			buildRules = (
			);
			dependencies = (
				2B55B2AA26A84AA100D99894 /* PBXTargetDependency */,
			);
			name = weatherUITests;
			productName = weatherUITests;
			productReference = 2B55B2A826A84AA100D99894 /* weatherUITests.xctest */;
			productType = "com.apple.product-type.bundle.ui-testing";
		};
/* End PBXNativeTarget section */

/* Begin PBXProject section */
		2B55B27F26A84A9F00D99894 /* Project object */ = {
			isa = PBXProject;
			attributes = {
				LastSwiftUpdateCheck = 1250;
				LastUpgradeCheck = 1250;
				TargetAttributes = {
					2B55B28626A84A9F00D99894 = {
						CreatedOnToolsVersion = 12.5;
					};
					2B55B29C26A84AA100D99894 = {
						CreatedOnToolsVersion = 12.5;
						TestTargetID = 2B55B28626A84A9F00D99894;
					};
					2B55B2A726A84AA100D99894 = {
						CreatedOnToolsVersion = 12.5;
						TestTargetID = 2B55B28626A84A9F00D99894;
					};
				};
			};
			buildConfigurationList = 2B55B28226A84A9F00D99894 /* Build configuration list for PBXProject "weather" */;
			compatibilityVersion = "Xcode 9.3";
			developmentRegion = en;
			hasScannedForEncodings = 0;
			knownRegions = (
				en,
				Base,
			);
			mainGroup = 2B55B27E26A84A9F00D99894;
			productRefGroup = 2B55B28826A84A9F00D99894 /* Products */;
			projectDirPath = "";
			projectRoot = "";
			targets = (
				2B55B28626A84A9F00D99894 /* weather */,
				2B55B29C26A84AA100D99894 /* weatherTests */,
				2B55B2A726A84AA100D99894 /* weatherUITests */,
			);
		};
/* End PBXProject section */

/* Begin PBXResourcesBuildPhase section */
		2B55B28526A84A9F00D99894 /* Resources */ = {
			isa = PBXResourcesBuildPhase;
			buildActionMask = 2147483647;
			files = (
				2B55B29726A84AA000D99894 /* LaunchScreen.storyboard in Resources */,
				2B55B29426A84AA000D99894 /* Assets.xcassets in Resources */,
				2B55B29226A84AA000D99894 /* Main.storyboard in Resources */,
			);
			runOnlyForDeploymentPostprocessing = 0;
		};
		2B55B29B26A84AA100D99894 /* Resources */ = {
			isa = PBXResourcesBuildPhase;
			buildActionMask = 2147483647;
			files = (
			);
			runOnlyForDeploymentPostprocessing = 0;
		};
		2B55B2A626A84AA100D99894 /* Resources */ = {
			isa = PBXResourcesBuildPhase;
			buildActionMask = 2147483647;
			files = (
			);
			runOnlyForDeploymentPostprocessing = 0;
		};
/* End PBXResourcesBuildPhase section */

/* Begin PBXSourcesBuildPhase section */
		2B55B28326A84A9F00D99894 /* Sources */ = {
			isa = PBXSourcesBuildPhase;
			buildActionMask = 2147483647;
			files = (
				2B55B28F26A84AA000D99894 /* ViewController.swift in Sources */,
				2B55B28B26A84AA000D99894 /* AppDelegate.swift in Sources */,
				2B55B28D26A84AA000D99894 /* SceneDelegate.swift in Sources */,
			);
			runOnlyForDeploymentPostprocessing = 0;
		};
		2B55B29926A84AA100D99894 /* Sources */ = {
			isa = PBXSourcesBuildPhase;
			buildActionMask = 2147483647;
			files = (
				2B55B2A226A84AA100D99894 /* weatherTests.swift in Sources */,
			);
			runOnlyForDeploymentPostprocessing = 0;
		};
		2B55B2A426A84AA100D99894 /* Sources */ = {
			isa = PBXSourcesBuildPhase;
			buildActionMask = 2147483647;
			files = (
				2B55B2AD26A84AA100D99894 /* weatherUITests.swift in Sources */,
			);
			runOnlyForDeploymentPostprocessing = 0;
		};
/* End PBXSourcesBuildPhase section */

/* Begin PBXTargetDependency section */
		2B55B29F26A84AA100D99894 /* PBXTargetDependency */ = {
			isa = PBXTargetDependency;
			target = 2B55B28626A84A9F00D99894 /* weather */;
			targetProxy = 2B55B29E26A84AA100D99894 /* PBXContainerItemProxy */;
		};
		2B55B2AA26A84AA100D99894 /* PBXTargetDependency */ = {
			isa = PBXTargetDependency;
			target = 2B55B28626A84A9F00D99894 /* weather */;
			targetProxy = 2B55B2A926A84AA100D99894 /* PBXContainerItemProxy */;
		};
/* End PBXTargetDependency section */

/* Begin PBXVariantGroup section */
		2B55B29026A84AA000D99894 /* Main.storyboard */ = {
			isa = PBXVariantGroup;
			children = (
				2B55B29126A84AA000D99894 /* Base */,
			);
			name = Main.storyboard;
			sourceTree = "<group>";
		};
		2B55B29526A84AA000D99894 /* LaunchScreen.storyboard */ = {
			isa = PBXVariantGroup;
			children = (
				2B55B29626A84AA000D99894 /* Base */,
			);
			name = LaunchScreen.storyboard;
			sourceTree = "<group>";
		};
/* End PBXVariantGroup section */

/* Begin XCBuildConfiguration section */
		2B55B2AF26A84AA100D99894 /* Debug */ = {
			isa = XCBuildConfiguration;
			buildSettings = {
				ALWAYS_SEARCH_USER_PATHS = NO;
				CLANG_ANALYZER_NONNULL = YES;
				CLANG_ANALYZER_NUMBER_OBJECT_CONVERSION = YES_AGGRESSIVE;
				CLANG_CXX_LANGUAGE_STANDARD = "gnu++14";
				CLANG_CXX_LIBRARY = "libc++";
				CLANG_ENABLE_MODULES = YES;
				CLANG_ENABLE_OBJC_ARC = YES;
				CLANG_ENABLE_OBJC_WEAK = YES;
				CLANG_WARN_BLOCK_CAPTURE_AUTORELEASING = YES;
				CLANG_WARN_BOOL_CONVERSION = YES;
				CLANG_WARN_COMMA = YES;
				CLANG_WARN_CONSTANT_CONVERSION = YES;
				CLANG_WARN_DEPRECATED_OBJC_IMPLEMENTATIONS = YES;
				CLANG_WARN_DIRECT_OBJC_ISA_USAGE = YES_ERROR;
				CLANG_WARN_DOCUMENTATION_COMMENTS = YES;
				CLANG_WARN_EMPTY_BODY = YES;
				CLANG_WARN_ENUM_CONVERSION = YES;
				CLANG_WARN_INFINITE_RECURSION = YES;
				CLANG_WARN_INT_CONVERSION = YES;
				CLANG_WARN_NON_LITERAL_NULL_CONVERSION = YES;
				CLANG_WARN_OBJC_IMPLICIT_RETAIN_SELF = YES;
				CLANG_WARN_OBJC_LITERAL_CONVERSION = YES;
				CLANG_WARN_OBJC_ROOT_CLASS = YES_ERROR;
				CLANG_WARN_QUOTED_INCLUDE_IN_FRAMEWORK_HEADER = YES;
				CLANG_WARN_RANGE_LOOP_ANALYSIS = YES;
				CLANG_WARN_STRICT_PROTOTYPES = YES;
				CLANG_WARN_SUSPICIOUS_MOVE = YES;
				CLANG_WARN_UNGUARDED_AVAILABILITY = YES_AGGRESSIVE;
				CLANG_WARN_UNREACHABLE_CODE = YES;
				CLANG_WARN__DUPLICATE_METHOD_MATCH = YES;
				COPY_PHASE_STRIP = NO;
				DEBUG_INFORMATION_FORMAT = dwarf;
				ENABLE_STRICT_OBJC_MSGSEND = YES;
				ENABLE_TESTABILITY = YES;
				GCC_C_LANGUAGE_STANDARD = gnu11;
				GCC_DYNAMIC_NO_PIC = NO;
				GCC_NO_COMMON_BLOCKS = YES;
				GCC_OPTIMIZATION_LEVEL = 0;
				GCC_PREPROCESSOR_DEFINITIONS = (
					"DEBUG=1",
					"$(inherited)",
				);
				GCC_WARN_64_TO_32_BIT_CONVERSION = YES;
				GCC_WARN_ABOUT_RETURN_TYPE = YES_ERROR;
				GCC_WARN_UNDECLARED_SELECTOR = YES;
				GCC_WARN_UNINITIALIZED_AUTOS = YES_AGGRESSIVE;
				GCC_WARN_UNUSED_FUNCTION = YES;
				GCC_WARN_UNUSED_VARIABLE = YES;
				IPHONEOS_DEPLOYMENT_TARGET = 14.1;
				MTL_ENABLE_DEBUG_INFO = INCLUDE_SOURCE;
				MTL_FAST_MATH = YES;
				ONLY_ACTIVE_ARCH = YES;
				SDKROOT = iphoneos;
				SWIFT_ACTIVE_COMPILATION_CONDITIONS = DEBUG;
				SWIFT_OPTIMIZATION_LEVEL = "-Onone";
			};
			name = Debug;
		};
		2B55B2B026A84AA100D99894 /* Release */ = {
			isa = XCBuildConfiguration;
			buildSettings = {
				ALWAYS_SEARCH_USER_PATHS = NO;
				CLANG_ANALYZER_NONNULL = YES;
				CLANG_ANALYZER_NUMBER_OBJECT_CONVERSION = YES_AGGRESSIVE;
				CLANG_CXX_LANGUAGE_STANDARD = "gnu++14";
				CLANG_CXX_LIBRARY = "libc++";
				CLANG_ENABLE_MODULES = YES;
				CLANG_ENABLE_OBJC_ARC = YES;
				CLANG_ENABLE_OBJC_WEAK = YES;
				CLANG_WARN_BLOCK_CAPTURE_AUTORELEASING = YES;
				CLANG_WARN_BOOL_CONVERSION = YES;
				CLANG_WARN_COMMA = YES;
				CLANG_WARN_CONSTANT_CONVERSION = YES;
				CLANG_WARN_DEPRECATED_OBJC_IMPLEMENTATIONS = YES;
				CLANG_WARN_DIRECT_OBJC_ISA_USAGE = YES_ERROR;
				CLANG_WARN_DOCUMENTATION_COMMENTS = YES;
				CLANG_WARN_EMPTY_BODY = YES;
				CLANG_WARN_ENUM_CONVERSION = YES;
				CLANG_WARN_INFINITE_RECURSION = YES;
				CLANG_WARN_INT_CONVERSION = YES;
				CLANG_WARN_NON_LITERAL_NULL_CONVERSION = YES;
				CLANG_WARN_OBJC_IMPLICIT_RETAIN_SELF = YES;
				CLANG_WARN_OBJC_LITERAL_CONVERSION = YES;
				CLANG_WARN_OBJC_ROOT_CLASS = YES_ERROR;
				CLANG_WARN_QUOTED_INCLUDE_IN_FRAMEWORK_HEADER = YES;
				CLANG_WARN_RANGE_LOOP_ANALYSIS = YES;
				CLANG_WARN_STRICT_PROTOTYPES = YES;
				CLANG_WARN_SUSPICIOUS_MOVE = YES;
				CLANG_WARN_UNGUARDED_AVAILABILITY = YES_AGGRESSIVE;
				CLANG_WARN_UNREACHABLE_CODE = YES;
				CLANG_WARN__DUPLICATE_METHOD_MATCH = YES;
				COPY_PHASE_STRIP = NO;
				DEBUG_INFORMATION_FORMAT = "dwarf-with-dsym";
				ENABLE_NS_ASSERTIONS = NO;
				ENABLE_STRICT_OBJC_MSGSEND = YES;
				GCC_C_LANGUAGE_STANDARD = gnu11;
				GCC_NO_COMMON_BLOCKS = YES;
				GCC_WARN_64_TO_32_BIT_CONVERSION = YES;
				GCC_WARN_ABOUT_RETURN_TYPE = YES_ERROR;
				GCC_WARN_UNDECLARED_SELECTOR = YES;
				GCC_WARN_UNINITIALIZED_AUTOS = YES_AGGRESSIVE;
				GCC_WARN_UNUSED_FUNCTION = YES;
				GCC_WARN_UNUSED_VARIABLE = YES;
				IPHONEOS_DEPLOYMENT_TARGET = 14.1;
				MTL_ENABLE_DEBUG_INFO = NO;
				MTL_FAST_MATH = YES;
				SDKROOT = iphoneos;
				SWIFT_COMPILATION_MODE = wholemodule;
				SWIFT_OPTIMIZATION_LEVEL = "-O";
				VALIDATE_PRODUCT = YES;
			};
			name = Release;
		};
		2B55B2B226A84AA100D99894 /* Debug */ = {
			isa = XCBuildConfiguration;
			buildSettings = {
				ASSETCATALOG_COMPILER_APPICON_NAME = AppIcon;
				ASSETCATALOG_COMPILER_GLOBAL_ACCENT_COLOR_NAME = AccentColor;
				CODE_SIGN_STYLE = Automatic;
				DEVELOPMENT_TEAM = 7BHWW8B9XE;
				INFOPLIST_FILE = weather/Info.plist;
				LD_RUNPATH_SEARCH_PATHS = (
					"$(inherited)",
					"@executable_path/Frameworks",
				);
				PRODUCT_BUNDLE_IDENTIFIER = com.abdo.weather;
				PRODUCT_NAME = "$(TARGET_NAME)";
				SWIFT_VERSION = 5.0;
				TARGETED_DEVICE_FAMILY = "1,2";
			};
			name = Debug;
		};
		2B55B2B326A84AA100D99894 /* Release */ = {
			isa = XCBuildConfiguration;
			buildSettings = {
				ASSETCATALOG_COMPILER_APPICON_NAME = AppIcon;
				ASSETCATALOG_COMPILER_GLOBAL_ACCENT_COLOR_NAME = AccentColor;
				CODE_SIGN_STYLE = Automatic;
				DEVELOPMENT_TEAM = 7BHWW8B9XE;
				INFOPLIST_FILE = weather/Info.plist;
				LD_RUNPATH_SEARCH_PATHS = (
					"$(inherited)",
					"@executable_path/Frameworks",
				);
				PRODUCT_BUNDLE_IDENTIFIER = com.abdo.weather;
				PRODUCT_NAME = "$(TARGET_NAME)";
				SWIFT_VERSION = 5.0;
				TARGETED_DEVICE_FAMILY = "1,2";
			};
			name = Release;
		};
		2B55B2B526A84AA100D99894 /* Debug */ = {
			isa = XCBuildConfiguration;
			buildSettings = {
				ALWAYS_EMBED_SWIFT_STANDARD_LIBRARIES = YES;
				BUNDLE_LOADER = "$(TEST_HOST)";
				CODE_SIGN_STYLE = Automatic;
				DEVELOPMENT_TEAM = B287WDJ8WQ;
				INFOPLIST_FILE = weatherTests/Info.plist;
				IPHONEOS_DEPLOYMENT_TARGET = 14.5;
				LD_RUNPATH_SEARCH_PATHS = (
					"$(inherited)",
					"@executable_path/Frameworks",
					"@loader_path/Frameworks",
				);
				PRODUCT_BUNDLE_IDENTIFIER = com.abdo.weatherTests;
				PRODUCT_NAME = "$(TARGET_NAME)";
				SWIFT_VERSION = 5.0;
				TARGETED_DEVICE_FAMILY = "1,2";
				TEST_HOST = "$(BUILT_PRODUCTS_DIR)/weather.app/weather";
			};
			name = Debug;
		};
		2B55B2B626A84AA100D99894 /* Release */ = {
			isa = XCBuildConfiguration;
			buildSettings = {
				ALWAYS_EMBED_SWIFT_STANDARD_LIBRARIES = YES;
				BUNDLE_LOADER = "$(TEST_HOST)";
				CODE_SIGN_STYLE = Automatic;
				DEVELOPMENT_TEAM = B287WDJ8WQ;
				INFOPLIST_FILE = weatherTests/Info.plist;
				IPHONEOS_DEPLOYMENT_TARGET = 14.5;
				LD_RUNPATH_SEARCH_PATHS = (
					"$(inherited)",
					"@executable_path/Frameworks",
					"@loader_path/Frameworks",
				);
				PRODUCT_BUNDLE_IDENTIFIER = com.abdo.weatherTests;
				PRODUCT_NAME = "$(TARGET_NAME)";
				SWIFT_VERSION = 5.0;
				TARGETED_DEVICE_FAMILY = "1,2";
				TEST_HOST = "$(BUILT_PRODUCTS_DIR)/weather.app/weather";
			};
			name = Release;
		};
		2B55B2B826A84AA100D99894 /* Debug */ = {
			isa = XCBuildConfiguration;
			buildSettings = {
				ALWAYS_EMBED_SWIFT_STANDARD_LIBRARIES = YES;
				CODE_SIGN_STYLE = Automatic;
				DEVELOPMENT_TEAM = B287WDJ8WQ;
				INFOPLIST_FILE = weatherUITests/Info.plist;
				LD_RUNPATH_SEARCH_PATHS = (
					"$(inherited)",
					"@executable_path/Frameworks",
					"@loader_path/Frameworks",
				);
				PRODUCT_BUNDLE_IDENTIFIER = com.abdo.weatherUITests;
				PRODUCT_NAME = "$(TARGET_NAME)";
				SWIFT_VERSION = 5.0;
				TARGETED_DEVICE_FAMILY = "1,2";
				TEST_TARGET_NAME = weather;
			};
			name = Debug;
		};
		2B55B2B926A84AA100D99894 /* Release */ = {
			isa = XCBuildConfiguration;
			buildSettings = {
				ALWAYS_EMBED_SWIFT_STANDARD_LIBRARIES = YES;
				CODE_SIGN_STYLE = Automatic;
				DEVELOPMENT_TEAM = B287WDJ8WQ;
				INFOPLIST_FILE = weatherUITests/Info.plist;
				LD_RUNPATH_SEARCH_PATHS = (
					"$(inherited)",
					"@executable_path/Frameworks",
					"@loader_path/Frameworks",
				);
				PRODUCT_BUNDLE_IDENTIFIER = com.abdo.weatherUITests;
				PRODUCT_NAME = "$(TARGET_NAME)";
				SWIFT_VERSION = 5.0;
				TARGETED_DEVICE_FAMILY = "1,2";
				TEST_TARGET_NAME = weather;
			};
			name = Release;
		};
/* End XCBuildConfiguration section */

/* Begin XCConfigurationList section */
		2B55B28226A84A9F00D99894 /* Build configuration list for PBXProject "weather" */ = {
			isa = XCConfigurationList;
			buildConfigurations = (
				2B55B2AF26A84AA100D99894 /* Debug */,
				2B55B2B026A84AA100D99894 /* Release */,
			);
			defaultConfigurationIsVisible = 0;
			defaultConfigurationName = Release;
		};
		2B55B2B126A84AA100D99894 /* Build configuration list for PBXNativeTarget "weather" */ = {
			isa = XCConfigurationList;
			buildConfigurations = (
				2B55B2B226A84AA100D99894 /* Debug */,
				2B55B2B326A84AA100D99894 /* Release */,
			);
			defaultConfigurationIsVisible = 0;
			defaultConfigurationName = Release;
		};
		2B55B2B426A84AA100D99894 /* Build configuration list for PBXNativeTarget "weatherTests" */ = {
			isa = XCConfigurationList;
			buildConfigurations = (
				2B55B2B526A84AA100D99894 /* Debug */,
				2B55B2B626A84AA100D99894 /* Release */,
			);
			defaultConfigurationIsVisible = 0;
			defaultConfigurationName = Release;
		};
		2B55B2B726A84AA100D99894 /* Build configuration list for PBXNativeTarget "weatherUITests" */ = {
			isa = XCConfigurationList;
			buildConfigurations = (
				2B55B2B826A84AA100D99894 /* Debug */,
				2B55B2B926A84AA100D99894 /* Release */,
			);
			defaultConfigurationIsVisible = 0;
			defaultConfigurationName = Release;
		};
/* End XCConfigurationList section */
	};
	rootObject = 2B55B27F26A84A9F00D99894 /* Project object */;
}
